
Microsoft Visual Studio Solution File, Format Version 12.00
# Visual Studio Version 17
VisualStudioVersion = 17.14.36212.18
MinimumVisualStudioVersion = 10.0.40219.1
Project("{FAE04EC0-301F-11D3-BF4B-00C04F79EFBC}") = "BlazorDemoSSR", "BlazorDemoSSR\BlazorDemoSSR.csproj", "{0F7D309B-7C92-4FAB-92AD-14D760FECDE9}"
EndProject
Project("{FAE04EC0-301F-11D3-BF4B-00C04F79EFBC}") = "BlazorDemoServer", "BlazorDemoServer\BlazorDemoServer.csproj", "{C7C60ECB-6461-4A40-8FF1-48EACAB857A0}"
EndProject
Project("{FAE04EC0-301F-11D3-BF4B-00C04F79EFBC}") = "BlazorDemoWasm", "BlazorDemoWasm\BlazorDemoWasm\BlazorDemoWasm.csproj", "{CBAD8F76-CF75-4FE3-BC5D-FF6660E5AFE7}"
EndProject
Project("{FAE04EC0-301F-11D3-BF4B-00C04F79EFBC}") = "BlazorDemoWasm.Client", "BlazorDemoWasm\BlazorDemoWasm.Client\BlazorDemoWasm.Client.csproj", "{92B94538-A3D2-4EA2-BCF1-450BCA4EA934}"
EndProject
Project("{FAE04EC0-301F-11D3-BF4B-00C04F79EFBC}") = "BlazorDemoAuto", "BlazorDemoAuto\BlazorDemoAuto\BlazorDemoAuto.csproj", "{99ADBA4B-C2D5-41CF-A2DD-2645EC0F7F6F}"
EndProject
Project("{FAE04EC0-301F-11D3-BF4B-00C04F79EFBC}") = "BlazorDemoAuto.Client", "BlazorDemoAuto\BlazorDemoAuto.Client\BlazorDemoAuto.Client.csproj", "{8AB77456-892F-41FF-9890-1E5CA1AA9503}"
EndProject
Project("{FAE04EC0-301F-11D3-BF4B-00C04F79EFBC}") = "BlazorTasks", "BlazorTasks\BlazorTasks\BlazorTasks.csproj", "{F947714B-D076-4D47-B854-4D20BC6F6CA2}"
EndProject
Project("{FAE04EC0-301F-11D3-BF4B-00C04F79EFBC}") = "BlazorTasks.Client", "BlazorTasks\BlazorTasks.Client\BlazorTasks.Client.csproj", "{BEB404C5-E762-44BF-A80F-FA40F6F9365B}"
EndProject
Project("{FAE04EC0-301F-11D3-BF4B-00C04F79EFBC}") = "BlazorTasks.Shared", "BlazorTasks.Shared\BlazorTasks.Shared.csproj", "{4DFDC6E4-521C-4C9F-8189-021DBBAF0E54}"
EndProject
Project("{FAE04EC0-301F-11D3-BF4B-00C04F79EFBC}") = "Tasks", "Tasks\Tasks.csproj", "{CDE2DD44-DD95-42C8-A421-BFD495F1A77F}"
EndProject
Global
	GlobalSection(SolutionConfigurationPlatforms) = preSolution
		Debug|Any CPU = Debug|Any CPU
		Release|Any CPU = Release|Any CPU
	EndGlobalSection
	GlobalSection(ProjectConfigurationPlatforms) = postSolution
		{0F7D309B-7C92-4FAB-92AD-14D760FECDE9}.Debug|Any CPU.ActiveCfg = Debug|Any CPU
		{0F7D309B-7C92-4FAB-92AD-14D760FECDE9}.Debug|Any CPU.Build.0 = Debug|Any CPU
		{0F7D309B-7C92-4FAB-92AD-14D760FECDE9}.Release|Any CPU.ActiveCfg = Release|Any CPU
		{0F7D309B-7C92-4FAB-92AD-14D760FECDE9}.Release|Any CPU.Build.0 = Release|Any CPU
		{C7C60ECB-6461-4A40-8FF1-48EACAB857A0}.Debug|Any CPU.ActiveCfg = Debug|Any CPU
		{C7C60ECB-6461-4A40-8FF1-48EACAB857A0}.Debug|Any CPU.Build.0 = Debug|Any CPU
		{C7C60ECB-6461-4A40-8FF1-48EACAB857A0}.Release|Any CPU.ActiveCfg = Release|Any CPU
		{C7C60ECB-6461-4A40-8FF1-48EACAB857A0}.Release|Any CPU.Build.0 = Release|Any CPU
		{CBAD8F76-CF75-4FE3-BC5D-FF6660E5AFE7}.Debug|Any CPU.ActiveCfg = Debug|Any CPU
		{CBAD8F76-CF75-4FE3-BC5D-FF6660E5AFE7}.Debug|Any CPU.Build.0 = Debug|Any CPU
		{CBAD8F76-CF75-4FE3-BC5D-FF6660E5AFE7}.Release|Any CPU.ActiveCfg = Release|Any CPU
		{CBAD8F76-CF75-4FE3-BC5D-FF6660E5AFE7}.Release|Any CPU.Build.0 = Release|Any CPU
		{92B94538-A3D2-4EA2-BCF1-450BCA4EA934}.Debug|Any CPU.ActiveCfg = Debug|Any CPU
		{92B94538-A3D2-4EA2-BCF1-450BCA4EA934}.Debug|Any CPU.Build.0 = Debug|Any CPU
		{92B94538-A3D2-4EA2-BCF1-450BCA4EA934}.Release|Any CPU.ActiveCfg = Release|Any CPU
		{92B94538-A3D2-4EA2-BCF1-450BCA4EA934}.Release|Any CPU.Build.0 = Release|Any CPU
		{99ADBA4B-C2D5-41CF-A2DD-2645EC0F7F6F}.Debug|Any CPU.ActiveCfg = Debug|Any CPU
		{99ADBA4B-C2D5-41CF-A2DD-2645EC0F7F6F}.Debug|Any CPU.Build.0 = Debug|Any CPU
		{99ADBA4B-C2D5-41CF-A2DD-2645EC0F7F6F}.Release|Any CPU.ActiveCfg = Release|Any CPU
		{99ADBA4B-C2D5-41CF-A2DD-2645EC0F7F6F}.Release|Any CPU.Build.0 = Release|Any CPU
		{8AB77456-892F-41FF-9890-1E5CA1AA9503}.Debug|Any CPU.ActiveCfg = Debug|Any CPU
		{8AB77456-892F-41FF-9890-1E5CA1AA9503}.Debug|Any CPU.Build.0 = Debug|Any CPU
		{8AB77456-892F-41FF-9890-1E5CA1AA9503}.Release|Any CPU.ActiveCfg = Release|Any CPU
		{8AB77456-892F-41FF-9890-1E5CA1AA9503}.Release|Any CPU.Build.0 = Release|Any CPU
		{F947714B-D076-4D47-B854-4D20BC6F6CA2}.Debug|Any CPU.ActiveCfg = Debug|Any CPU
		{F947714B-D076-4D47-B854-4D20BC6F6CA2}.Debug|Any CPU.Build.0 = Debug|Any CPU
		{F947714B-D076-4D47-B854-4D20BC6F6CA2}.Release|Any CPU.ActiveCfg = Release|Any CPU
		{F947714B-D076-4D47-B854-4D20BC6F6CA2}.Release|Any CPU.Build.0 = Release|Any CPU
		{BEB404C5-E762-44BF-A80F-FA40F6F9365B}.Debug|Any CPU.ActiveCfg = Debug|Any CPU
		{BEB404C5-E762-44BF-A80F-FA40F6F9365B}.Debug|Any CPU.Build.0 = Debug|Any CPU
		{BEB404C5-E762-44BF-A80F-FA40F6F9365B}.Release|Any CPU.ActiveCfg = Release|Any CPU
		{BEB404C5-E762-44BF-A80F-FA40F6F9365B}.Release|Any CPU.Build.0 = Release|Any CPU
		{4DFDC6E4-521C-4C9F-8189-021DBBAF0E54}.Debug|Any CPU.ActiveCfg = Debug|Any CPU
		{4DFDC6E4-521C-4C9F-8189-021DBBAF0E54}.Debug|Any CPU.Build.0 = Debug|Any CPU
		{4DFDC6E4-521C-4C9F-8189-021DBBAF0E54}.Release|Any CPU.ActiveCfg = Release|Any CPU
		{4DFDC6E4-521C-4C9F-8189-021DBBAF0E54}.Release|Any CPU.Build.0 = Release|Any CPU
		{CDE2DD44-DD95-42C8-A421-BFD495F1A77F}.Debug|Any CPU.ActiveCfg = Debug|Any CPU
		{CDE2DD44-DD95-42C8-A421-BFD495F1A77F}.Debug|Any CPU.Build.0 = Debug|Any CPU
		{CDE2DD44-DD95-42C8-A421-BFD495F1A77F}.Release|Any CPU.ActiveCfg = Release|Any CPU
		{CDE2DD44-DD95-42C8-A421-BFD495F1A77F}.Release|Any CPU.Build.0 = Release|Any CPU
	EndGlobalSection
	GlobalSection(SolutionProperties) = preSolution
		HideSolutionNode = FALSE
	EndGlobalSection
	GlobalSection(ExtensibilityGlobals) = postSolution
		SolutionGuid = {F1F842C7-E6E5-4B35-B83E-232A68C756F5}
	EndGlobalSection
EndGlobal
